
Microsoft Visual Studio Solution File, Format Version 12.00
# Visual Studio Version 17
VisualStudioVersion = 17.6.33829.357
MinimumVisualStudioVersion = 10.0.40219.1
Project("{FAE04EC0-301F-11D3-BF4B-00C04F79EFBC}") = "practise", "practise.csproj", "{29C3CF2A-D40A-4948-BA35-BAB10A260A25}"
EndProject
Global
	GlobalSection(SolutionConfigurationPlatforms) = preSolution
		Debug|Any CPU = Debug|Any CPU
		Release|Any CPU = Release|Any CPU
	EndGlobalSection
	GlobalSection(ProjectConfigurationPlatforms) = postSolution
		{29C3CF2A-D40A-4948-BA35-BAB10A260A25}.Debug|Any CPU.ActiveCfg = Debug|Any CPU
		{29C3CF2A-D40A-4948-BA35-BAB10A260A25}.Debug|Any CPU.Build.0 = Debug|Any CPU
		{29C3CF2A-D40A-4948-BA35-BAB10A260A25}.Release|Any CPU.ActiveCfg = Release|Any CPU
		{29C3CF2A-D40A-4948-BA35-BAB10A260A25}.Release|Any CPU.Build.0 = Release|Any CPU
	EndGlobalSection
	GlobalSection(SolutionProperties) = preSolution
		HideSolutionNode = FALSE
	EndGlobalSection
	GlobalSection(ExtensibilityGlobals) = postSolution
		SolutionGuid = {F3412347-3A90-4073-9AC8-1E8E2D2D9DB8}
	EndGlobalSection
EndGlobal
