
Microsoft Visual Studio Solution File, Format Version 12.00
# Visual Studio Version 17
VisualStudioVersion = 17.7.34221.43
MinimumVisualStudioVersion = 10.0.40219.1
Project("{FAE04EC0-301F-11D3-BF4B-00C04F79EFBC}") = "ConsoleApp4", "ConsoleApp4\ConsoleApp4.csproj", "{6230B80A-B5D7-4CA5-AA1D-DDF1E9AFD791}"
EndProject
Global
	GlobalSection(SolutionConfigurationPlatforms) = preSolution
		Debug|Any CPU = Debug|Any CPU
		Release|Any CPU = Release|Any CPU
	EndGlobalSection
	GlobalSection(ProjectConfigurationPlatforms) = postSolution
		{6230B80A-B5D7-4CA5-AA1D-DDF1E9AFD791}.Debug|Any CPU.ActiveCfg = Debug|Any CPU
		{6230B80A-B5D7-4CA5-AA1D-DDF1E9AFD791}.Debug|Any CPU.Build.0 = Debug|Any CPU
		{6230B80A-B5D7-4CA5-AA1D-DDF1E9AFD791}.Release|Any CPU.ActiveCfg = Release|Any CPU
		{6230B80A-B5D7-4CA5-AA1D-DDF1E9AFD791}.Release|Any CPU.Build.0 = Release|Any CPU
	EndGlobalSection
	GlobalSection(SolutionProperties) = preSolution
		HideSolutionNode = FALSE
	EndGlobalSection
	GlobalSection(ExtensibilityGlobals) = postSolution
		SolutionGuid = {D8FFC005-6653-432B-90F6-7814DB33DFA3}
	EndGlobalSection
EndGlobal
